// !$*UTF8*$!
{
	archiveVersion = 1;
	classes = {
	};
	objectVersion = 56;
	objects = {

/* Begin PBXBuildFile section */
		E20B676628CA381A009577C1 /* main.cpp in Sources */ = {isa = PBXBuildFile; fileRef = E20B676128CA36F4009577C1 /* main.cpp */; };
/* End PBXBuildFile section */

/* Begin PBXCopyFilesBuildPhase section */
		E20B675D28CA36F4009577C1 /* CopyFiles */ = {
			isa = PBXCopyFilesBuildPhase;
			buildActionMask = 2147483647;
			dstPath = /usr/share/man/man1/;
			dstSubfolderSpec = 0;
			files = (
			);
			runOnlyForDeploymentPostprocessing = 1;
		};
		E260969B28B55C7C00175475 /* CopyFiles */ = {
			isa = PBXCopyFilesBuildPhase;
			buildActionMask = 2147483647;
			dstPath = /usr/share/man/man1/;
			dstSubfolderSpec = 0;
			files = (
			);
			runOnlyForDeploymentPostprocessing = 1;
		};
		E2A540F628B5818F00C7FE1F /* CopyFiles */ = {
			isa = PBXCopyFilesBuildPhase;
			buildActionMask = 2147483647;
			dstPath = /usr/share/man/man1/;
			dstSubfolderSpec = 0;
			files = (
			);
			runOnlyForDeploymentPostprocessing = 1;
		};
		E2A5411428B5A8B400C7FE1F /* CopyFiles */ = {
			isa = PBXCopyFilesBuildPhase;
			buildActionMask = 2147483647;
			dstPath = /usr/share/man/man1/;
			dstSubfolderSpec = 0;
			files = (
			);
			runOnlyForDeploymentPostprocessing = 1;
		};
		E2A5412128C28B4700C7FE1F /* CopyFiles */ = {
			isa = PBXCopyFilesBuildPhase;
			buildActionMask = 2147483647;
			dstPath = /usr/share/man/man1/;
			dstSubfolderSpec = 0;
			files = (
			);
			runOnlyForDeploymentPostprocessing = 1;
		};
/* End PBXCopyFilesBuildPhase section */

/* Begin PBXFileReference section */
		E20B675F28CA36F4009577C1 /* quiz 2 */ = {isa = PBXFileReference; explicitFileType = "compiled.mach-o.executable"; includeInIndex = 0; path = "quiz 2"; sourceTree = BUILT_PRODUCTS_DIR; };
		E20B676128CA36F4009577C1 /* main.cpp */ = {isa = PBXFileReference; lastKnownFileType = sourcecode.cpp.cpp; path = main.cpp; sourceTree = "<group>"; };
		E260969D28B55C7C00175475 /* csci240 */ = {isa = PBXFileReference; explicitFileType = "compiled.mach-o.executable"; includeInIndex = 0; path = csci240; sourceTree = BUILT_PRODUCTS_DIR; };
		E2A540F828B5818F00C7FE1F /* hw1 */ = {isa = PBXFileReference; explicitFileType = "compiled.mach-o.executable"; includeInIndex = 0; path = hw1; sourceTree = BUILT_PRODUCTS_DIR; };
		E2A540FA28B5818F00C7FE1F /* main.cpp */ = {isa = PBXFileReference; lastKnownFileType = sourcecode.cpp.cpp; path = main.cpp; sourceTree = "<group>"; };
		E2A5410728B5820200C7FE1F /* main.cpp */ = {isa = PBXFileReference; lastKnownFileType = sourcecode.cpp.cpp; path = main.cpp; sourceTree = "<group>"; };
		E2A5411628B5A8B400C7FE1F /* hw2 */ = {isa = PBXFileReference; explicitFileType = "compiled.mach-o.executable"; includeInIndex = 0; path = hw2; sourceTree = BUILT_PRODUCTS_DIR; };
		E2A5411828B5A8B400C7FE1F /* main.cpp */ = {isa = PBXFileReference; lastKnownFileType = sourcecode.cpp.cpp; path = main.cpp; sourceTree = "<group>"; };
		E2A5412328C28B4700C7FE1F /* hw3 */ = {isa = PBXFileReference; explicitFileType = "compiled.mach-o.executable"; includeInIndex = 0; path = hw3; sourceTree = BUILT_PRODUCTS_DIR; };
		E2A5412528C28B4700C7FE1F /* main.cpp */ = {isa = PBXFileReference; lastKnownFileType = sourcecode.cpp.cpp; path = main.cpp; sourceTree = "<group>"; };
/* End PBXFileReference section */

/* Begin PBXFrameworksBuildPhase section */
		E20B675C28CA36F4009577C1 /* Frameworks */ = {
			isa = PBXFrameworksBuildPhase;
			buildActionMask = 2147483647;
			files = (
			);
			runOnlyForDeploymentPostprocessing = 0;
		};
		E260969A28B55C7C00175475 /* Frameworks */ = {
			isa = PBXFrameworksBuildPhase;
			buildActionMask = 2147483647;
			files = (
			);
			runOnlyForDeploymentPostprocessing = 0;
		};
		E2A540F528B5818F00C7FE1F /* Frameworks */ = {
			isa = PBXFrameworksBuildPhase;
			buildActionMask = 2147483647;
			files = (
			);
			runOnlyForDeploymentPostprocessing = 0;
		};
		E2A5411328B5A8B400C7FE1F /* Frameworks */ = {
			isa = PBXFrameworksBuildPhase;
			buildActionMask = 2147483647;
			files = (
			);
			runOnlyForDeploymentPostprocessing = 0;
		};
		E2A5412028C28B4700C7FE1F /* Frameworks */ = {
			isa = PBXFrameworksBuildPhase;
			buildActionMask = 2147483647;
			files = (
			);
			runOnlyForDeploymentPostprocessing = 0;
		};
/* End PBXFrameworksBuildPhase section */

/* Begin PBXGroup section */
		E20B676028CA36F4009577C1 /* random */ = {
			isa = PBXGroup;
			children = (
				E20B676128CA36F4009577C1 /* main.cpp */,
			);
			path = random;
			sourceTree = "<group>";
		};
		E260969428B55C7C00175475 = {
			isa = PBXGroup;
			children = (
				E2A540F928B5818F00C7FE1F /* hw1 */,
				E2A5410628B5820200C7FE1F /* hw0 */,
				E2A5411728B5A8B400C7FE1F /* hw2 */,
				E2A5412428C28B4700C7FE1F /* hw3 */,
				E20B676028CA36F4009577C1 /* random */,
				E260969E28B55C7C00175475 /* Products */,
			);
			sourceTree = "<group>";
		};
		E260969E28B55C7C00175475 /* Products */ = {
			isa = PBXGroup;
			children = (
				E260969D28B55C7C00175475 /* csci240 */,
				E2A540F828B5818F00C7FE1F /* hw1 */,
				E2A5411628B5A8B400C7FE1F /* hw2 */,
				E2A5412328C28B4700C7FE1F /* hw3 */,
				E20B675F28CA36F4009577C1 /* quiz 2 */,
			);
			name = Products;
			sourceTree = "<group>";
		};
		E2A540F928B5818F00C7FE1F /* hw1 */ = {
			isa = PBXGroup;
			children = (
				E2A540FA28B5818F00C7FE1F /* main.cpp */,
			);
			path = hw1;
			sourceTree = "<group>";
		};
		E2A5410628B5820200C7FE1F /* hw0 */ = {
			isa = PBXGroup;
			children = (
				E2A5410728B5820200C7FE1F /* main.cpp */,
			);
			path = hw0;
			sourceTree = "<group>";
		};
		E2A5411728B5A8B400C7FE1F /* hw2 */ = {
			isa = PBXGroup;
			children = (
				E2A5411828B5A8B400C7FE1F /* main.cpp */,
			);
			path = hw2;
			sourceTree = "<group>";
		};
		E2A5412428C28B4700C7FE1F /* hw3 */ = {
			isa = PBXGroup;
			children = (
				E2A5412528C28B4700C7FE1F /* main.cpp */,
			);
			path = hw3;
			sourceTree = "<group>";
		};
/* End PBXGroup section */

/* Begin PBXNativeTarget section */
		E20B675E28CA36F4009577C1 /* quiz 2 */ = {
			isa = PBXNativeTarget;
			buildConfigurationList = E20B676528CA36F4009577C1 /* Build configuration list for PBXNativeTarget "quiz 2" */;
			buildPhases = (
				E20B675B28CA36F4009577C1 /* Sources */,
				E20B675C28CA36F4009577C1 /* Frameworks */,
				E20B675D28CA36F4009577C1 /* CopyFiles */,
			);
			buildRules = (
			);
			dependencies = (
			);
			name = "quiz 2";
			productName = "quiz 2";
			productReference = E20B675F28CA36F4009577C1 /* quiz 2 */;
			productType = "com.apple.product-type.tool";
		};
		E260969C28B55C7C00175475 /* csci240 */ = {
			isa = PBXNativeTarget;
			buildConfigurationList = E26096A428B55C7C00175475 /* Build configuration list for PBXNativeTarget "csci240" */;
			buildPhases = (
				E260969928B55C7C00175475 /* Sources */,
				E260969A28B55C7C00175475 /* Frameworks */,
				E260969B28B55C7C00175475 /* CopyFiles */,
			);
			buildRules = (
			);
			dependencies = (
			);
			name = csci240;
			productName = csci240;
			productReference = E260969D28B55C7C00175475 /* csci240 */;
			productType = "com.apple.product-type.tool";
		};
		E2A540F728B5818F00C7FE1F /* hw1 */ = {
			isa = PBXNativeTarget;
			buildConfigurationList = E2A540FC28B5818F00C7FE1F /* Build configuration list for PBXNativeTarget "hw1" */;
			buildPhases = (
				E2A540F428B5818F00C7FE1F /* Sources */,
				E2A540F528B5818F00C7FE1F /* Frameworks */,
				E2A540F628B5818F00C7FE1F /* CopyFiles */,
			);
			buildRules = (
			);
			dependencies = (
			);
			name = hw1;
			productName = hw1;
			productReference = E2A540F828B5818F00C7FE1F /* hw1 */;
			productType = "com.apple.product-type.tool";
		};
		E2A5411528B5A8B400C7FE1F /* hw2 */ = {
			isa = PBXNativeTarget;
			buildConfigurationList = E2A5411A28B5A8B400C7FE1F /* Build configuration list for PBXNativeTarget "hw2" */;
			buildPhases = (
				E2A5411228B5A8B400C7FE1F /* Sources */,
				E2A5411328B5A8B400C7FE1F /* Frameworks */,
				E2A5411428B5A8B400C7FE1F /* CopyFiles */,
			);
			buildRules = (
			);
			dependencies = (
			);
			name = hw2;
			productName = hw2;
			productReference = E2A5411628B5A8B400C7FE1F /* hw2 */;
			productType = "com.apple.product-type.tool";
		};
		E2A5412228C28B4700C7FE1F /* hw3 */ = {
			isa = PBXNativeTarget;
			buildConfigurationList = E2A5412728C28B4700C7FE1F /* Build configuration list for PBXNativeTarget "hw3" */;
			buildPhases = (
				E2A5411F28C28B4700C7FE1F /* Sources */,
				E2A5412028C28B4700C7FE1F /* Frameworks */,
				E2A5412128C28B4700C7FE1F /* CopyFiles */,
			);
			buildRules = (
			);
			dependencies = (
			);
			name = hw3;
			productName = hw3;
			productReference = E2A5412328C28B4700C7FE1F /* hw3 */;
			productType = "com.apple.product-type.tool";
		};
/* End PBXNativeTarget section */

/* Begin PBXProject section */
		E260969528B55C7C00175475 /* Project object */ = {
			isa = PBXProject;
			attributes = {
				BuildIndependentTargetsInParallel = 1;
				LastUpgradeCheck = 1400;
				TargetAttributes = {
					E20B675E28CA36F4009577C1 = {
						CreatedOnToolsVersion = 14.0;
					};
					E260969C28B55C7C00175475 = {
						CreatedOnToolsVersion = 14.0;
					};
					E2A540F728B5818F00C7FE1F = {
						CreatedOnToolsVersion = 14.0;
					};
					E2A5411528B5A8B400C7FE1F = {
						CreatedOnToolsVersion = 14.0;
					};
					E2A5412228C28B4700C7FE1F = {
						CreatedOnToolsVersion = 14.0;
					};
				};
			};
			buildConfigurationList = E260969828B55C7C00175475 /* Build configuration list for PBXProject "csci240" */;
			compatibilityVersion = "Xcode 14.0";
			developmentRegion = en;
			hasScannedForEncodings = 0;
			knownRegions = (
				en,
				Base,
			);
			mainGroup = E260969428B55C7C00175475;
			productRefGroup = E260969E28B55C7C00175475 /* Products */;
			projectDirPath = "";
			projectRoot = "";
			targets = (
				E260969C28B55C7C00175475 /* csci240 */,
				E2A540F728B5818F00C7FE1F /* hw1 */,
				E2A5411528B5A8B400C7FE1F /* hw2 */,
				E2A5412228C28B4700C7FE1F /* hw3 */,
				E20B675E28CA36F4009577C1 /* quiz 2 */,
			);
		};
/* End PBXProject section */

/* Begin PBXSourcesBuildPhase section */
		E20B675B28CA36F4009577C1 /* Sources */ = {
			isa = PBXSourcesBuildPhase;
			buildActionMask = 2147483647;
			files = (
			);
			runOnlyForDeploymentPostprocessing = 0;
		};
		E260969928B55C7C00175475 /* Sources */ = {
			isa = PBXSourcesBuildPhase;
			buildActionMask = 2147483647;
			files = (
				E20B676628CA381A009577C1 /* main.cpp in Sources */,
			);
			runOnlyForDeploymentPostprocessing = 0;
		};
		E2A540F428B5818F00C7FE1F /* Sources */ = {
			isa = PBXSourcesBuildPhase;
			buildActionMask = 2147483647;
			files = (
			);
			runOnlyForDeploymentPostprocessing = 0;
		};
		E2A5411228B5A8B400C7FE1F /* Sources */ = {
			isa = PBXSourcesBuildPhase;
			buildActionMask = 2147483647;
			files = (
			);
			runOnlyForDeploymentPostprocessing = 0;
		};
		E2A5411F28C28B4700C7FE1F /* Sources */ = {
			isa = PBXSourcesBuildPhase;
			buildActionMask = 2147483647;
			files = (
			);
			runOnlyForDeploymentPostprocessing = 0;
		};
/* End PBXSourcesBuildPhase section */

/* Begin XCBuildConfiguration section */
		E20B676328CA36F4009577C1 /* Debug */ = {
			isa = XCBuildConfiguration;
			buildSettings = {
				CODE_SIGN_STYLE = Automatic;
				PRODUCT_NAME = "$(TARGET_NAME)";
			};
			name = Debug;
		};
		E20B676428CA36F4009577C1 /* Release */ = {
			isa = XCBuildConfiguration;
			buildSettings = {
				CODE_SIGN_STYLE = Automatic;
				PRODUCT_NAME = "$(TARGET_NAME)";
			};
			name = Release;
		};
		E26096A228B55C7C00175475 /* Debug */ = {
			isa = XCBuildConfiguration;
			buildSettings = {
				ALWAYS_SEARCH_USER_PATHS = NO;
				CLANG_ANALYZER_NONNULL = YES;
				CLANG_ANALYZER_NUMBER_OBJECT_CONVERSION = YES_AGGRESSIVE;
				CLANG_CXX_LANGUAGE_STANDARD = "gnu++20";
				CLANG_ENABLE_MODULES = YES;
				CLANG_ENABLE_OBJC_ARC = YES;
				CLANG_ENABLE_OBJC_WEAK = YES;
				CLANG_WARN_BLOCK_CAPTURE_AUTORELEASING = YES;
				CLANG_WARN_BOOL_CONVERSION = YES;
				CLANG_WARN_COMMA = YES;
				CLANG_WARN_CONSTANT_CONVERSION = YES;
				CLANG_WARN_DEPRECATED_OBJC_IMPLEMENTATIONS = YES;
				CLANG_WARN_DIRECT_OBJC_ISA_USAGE = YES_ERROR;
				CLANG_WARN_DOCUMENTATION_COMMENTS = YES;
				CLANG_WARN_EMPTY_BODY = YES;
				CLANG_WARN_ENUM_CONVERSION = YES;
				CLANG_WARN_INFINITE_RECURSION = YES;
				CLANG_WARN_INT_CONVERSION = YES;
				CLANG_WARN_NON_LITERAL_NULL_CONVERSION = YES;
				CLANG_WARN_OBJC_IMPLICIT_RETAIN_SELF = YES;
				CLANG_WARN_OBJC_LITERAL_CONVERSION = YES;
				CLANG_WARN_OBJC_ROOT_CLASS = YES_ERROR;
				CLANG_WARN_QUOTED_INCLUDE_IN_FRAMEWORK_HEADER = YES;
				CLANG_WARN_RANGE_LOOP_ANALYSIS = YES;
				CLANG_WARN_STRICT_PROTOTYPES = YES;
				CLANG_WARN_SUSPICIOUS_MOVE = YES;
				CLANG_WARN_UNGUARDED_AVAILABILITY = YES_AGGRESSIVE;
				CLANG_WARN_UNREACHABLE_CODE = YES;
				CLANG_WARN__DUPLICATE_METHOD_MATCH = YES;
				COPY_PHASE_STRIP = NO;
				DEBUG_INFORMATION_FORMAT = dwarf;
				ENABLE_STRICT_OBJC_MSGSEND = YES;
				ENABLE_TESTABILITY = YES;
				GCC_C_LANGUAGE_STANDARD = gnu11;
				GCC_DYNAMIC_NO_PIC = NO;
				GCC_NO_COMMON_BLOCKS = YES;
				GCC_OPTIMIZATION_LEVEL = 0;
				GCC_PREPROCESSOR_DEFINITIONS = (
					"DEBUG=1",
					"$(inherited)",
				);
				GCC_WARN_64_TO_32_BIT_CONVERSION = YES;
				GCC_WARN_ABOUT_RETURN_TYPE = YES_ERROR;
				GCC_WARN_UNDECLARED_SELECTOR = YES;
				GCC_WARN_UNINITIALIZED_AUTOS = YES_AGGRESSIVE;
				GCC_WARN_UNUSED_FUNCTION = YES;
				GCC_WARN_UNUSED_VARIABLE = YES;
				MACOSX_DEPLOYMENT_TARGET = 12.5;
				MTL_ENABLE_DEBUG_INFO = INCLUDE_SOURCE;
				MTL_FAST_MATH = YES;
				ONLY_ACTIVE_ARCH = YES;
				SDKROOT = macosx;
			};
			name = Debug;
		};
		E26096A328B55C7C00175475 /* Release */ = {
			isa = XCBuildConfiguration;
			buildSettings = {
				ALWAYS_SEARCH_USER_PATHS = NO;
				CLANG_ANALYZER_NONNULL = YES;
				CLANG_ANALYZER_NUMBER_OBJECT_CONVERSION = YES_AGGRESSIVE;
				CLANG_CXX_LANGUAGE_STANDARD = "gnu++20";
				CLANG_ENABLE_MODULES = YES;
				CLANG_ENABLE_OBJC_ARC = YES;
				CLANG_ENABLE_OBJC_WEAK = YES;
				CLANG_WARN_BLOCK_CAPTURE_AUTORELEASING = YES;
				CLANG_WARN_BOOL_CONVERSION = YES;
				CLANG_WARN_COMMA = YES;
				CLANG_WARN_CONSTANT_CONVERSION = YES;
				CLANG_WARN_DEPRECATED_OBJC_IMPLEMENTATIONS = YES;
				CLANG_WARN_DIRECT_OBJC_ISA_USAGE = YES_ERROR;
				CLANG_WARN_DOCUMENTATION_COMMENTS = YES;
				CLANG_WARN_EMPTY_BODY = YES;
				CLANG_WARN_ENUM_CONVERSION = YES;
				CLANG_WARN_INFINITE_RECURSION = YES;
				CLANG_WARN_INT_CONVERSION = YES;
				CLANG_WARN_NON_LITERAL_NULL_CONVERSION = YES;
				CLANG_WARN_OBJC_IMPLICIT_RETAIN_SELF = YES;
				CLANG_WARN_OBJC_LITERAL_CONVERSION = YES;
				CLANG_WARN_OBJC_ROOT_CLASS = YES_ERROR;
				CLANG_WARN_QUOTED_INCLUDE_IN_FRAMEWORK_HEADER = YES;
				CLANG_WARN_RANGE_LOOP_ANALYSIS = YES;
				CLANG_WARN_STRICT_PROTOTYPES = YES;
				CLANG_WARN_SUSPICIOUS_MOVE = YES;
				CLANG_WARN_UNGUARDED_AVAILABILITY = YES_AGGRESSIVE;
				CLANG_WARN_UNREACHABLE_CODE = YES;
				CLANG_WARN__DUPLICATE_METHOD_MATCH = YES;
				COPY_PHASE_STRIP = NO;
				DEBUG_INFORMATION_FORMAT = "dwarf-with-dsym";
				ENABLE_NS_ASSERTIONS = NO;
				ENABLE_STRICT_OBJC_MSGSEND = YES;
				GCC_C_LANGUAGE_STANDARD = gnu11;
				GCC_NO_COMMON_BLOCKS = YES;
				GCC_WARN_64_TO_32_BIT_CONVERSION = YES;
				GCC_WARN_ABOUT_RETURN_TYPE = YES_ERROR;
				GCC_WARN_UNDECLARED_SELECTOR = YES;
				GCC_WARN_UNINITIALIZED_AUTOS = YES_AGGRESSIVE;
				GCC_WARN_UNUSED_FUNCTION = YES;
				GCC_WARN_UNUSED_VARIABLE = YES;
				MACOSX_DEPLOYMENT_TARGET = 12.5;
				MTL_ENABLE_DEBUG_INFO = NO;
				MTL_FAST_MATH = YES;
				SDKROOT = macosx;
			};
			name = Release;
		};
		E26096A528B55C7C00175475 /* Debug */ = {
			isa = XCBuildConfiguration;
			buildSettings = {
				CODE_SIGN_STYLE = Automatic;
				PRODUCT_NAME = "$(TARGET_NAME)";
			};
			name = Debug;
		};
		E26096A628B55C7C00175475 /* Release */ = {
			isa = XCBuildConfiguration;
			buildSettings = {
				CODE_SIGN_STYLE = Automatic;
				PRODUCT_NAME = "$(TARGET_NAME)";
			};
			name = Release;
		};
		E2A540FD28B5818F00C7FE1F /* Debug */ = {
			isa = XCBuildConfiguration;
			buildSettings = {
				CODE_SIGN_STYLE = Automatic;
				PRODUCT_NAME = "$(TARGET_NAME)";
			};
			name = Debug;
		};
		E2A540FE28B5818F00C7FE1F /* Release */ = {
			isa = XCBuildConfiguration;
			buildSettings = {
				CODE_SIGN_STYLE = Automatic;
				PRODUCT_NAME = "$(TARGET_NAME)";
			};
			name = Release;
		};
		E2A5411B28B5A8B400C7FE1F /* Debug */ = {
			isa = XCBuildConfiguration;
			buildSettings = {
				CODE_SIGN_STYLE = Automatic;
				PRODUCT_NAME = "$(TARGET_NAME)";
			};
			name = Debug;
		};
		E2A5411C28B5A8B400C7FE1F /* Release */ = {
			isa = XCBuildConfiguration;
			buildSettings = {
				CODE_SIGN_STYLE = Automatic;
				PRODUCT_NAME = "$(TARGET_NAME)";
			};
			name = Release;
		};
		E2A5412828C28B4700C7FE1F /* Debug */ = {
			isa = XCBuildConfiguration;
			buildSettings = {
				CODE_SIGN_STYLE = Automatic;
				PRODUCT_NAME = "$(TARGET_NAME)";
			};
			name = Debug;
		};
		E2A5412928C28B4700C7FE1F /* Release */ = {
			isa = XCBuildConfiguration;
			buildSettings = {
				CODE_SIGN_STYLE = Automatic;
				PRODUCT_NAME = "$(TARGET_NAME)";
			};
			name = Release;
		};
/* End XCBuildConfiguration section */

/* Begin XCConfigurationList section */
		E20B676528CA36F4009577C1 /* Build configuration list for PBXNativeTarget "quiz 2" */ = {
			isa = XCConfigurationList;
			buildConfigurations = (
				E20B676328CA36F4009577C1 /* Debug */,
				E20B676428CA36F4009577C1 /* Release */,
			);
			defaultConfigurationIsVisible = 0;
			defaultConfigurationName = Release;
		};
		E260969828B55C7C00175475 /* Build configuration list for PBXProject "csci240" */ = {
			isa = XCConfigurationList;
			buildConfigurations = (
				E26096A228B55C7C00175475 /* Debug */,
				E26096A328B55C7C00175475 /* Release */,
			);
			defaultConfigurationIsVisible = 0;
			defaultConfigurationName = Release;
		};
		E26096A428B55C7C00175475 /* Build configuration list for PBXNativeTarget "csci240" */ = {
			isa = XCConfigurationList;
			buildConfigurations = (
				E26096A528B55C7C00175475 /* Debug */,
				E26096A628B55C7C00175475 /* Release */,
			);
			defaultConfigurationIsVisible = 0;
			defaultConfigurationName = Release;
		};
		E2A540FC28B5818F00C7FE1F /* Build configuration list for PBXNativeTarget "hw1" */ = {
			isa = XCConfigurationList;
			buildConfigurations = (
				E2A540FD28B5818F00C7FE1F /* Debug */,
				E2A540FE28B5818F00C7FE1F /* Release */,
			);
			defaultConfigurationIsVisible = 0;
			defaultConfigurationName = Release;
		};
		E2A5411A28B5A8B400C7FE1F /* Build configuration list for PBXNativeTarget "hw2" */ = {
			isa = XCConfigurationList;
			buildConfigurations = (
				E2A5411B28B5A8B400C7FE1F /* Debug */,
				E2A5411C28B5A8B400C7FE1F /* Release */,
			);
			defaultConfigurationIsVisible = 0;
			defaultConfigurationName = Release;
		};
		E2A5412728C28B4700C7FE1F /* Build configuration list for PBXNativeTarget "hw3" */ = {
			isa = XCConfigurationList;
			buildConfigurations = (
				E2A5412828C28B4700C7FE1F /* Debug */,
				E2A5412928C28B4700C7FE1F /* Release */,
			);
			defaultConfigurationIsVisible = 0;
			defaultConfigurationName = Release;
		};
/* End XCConfigurationList section */
	};
	rootObject = E260969528B55C7C00175475 /* Project object */;
}
